PODS:
  - Cosmos (21.0.0)
  - Realm (4.4.1):
    - Realm/Headers (= 4.4.1)
  - Realm/Headers (4.4.1)
  - RealmSwift (4.4.1):
    - Realm (= 4.4.1)

DEPENDENCIES:
  - Cosmos (~> 21.0)
  - RealmSwift

SPEC REPOS:
  trunk:
    - Cosmos
    - Realm
    - RealmSwift

SPEC CHECKSUMS:
  Cosmos: 3dfb6e4ba48bd48b8c9aa2a77048ae11ed114f96
  Realm: 4eb04d7487bd43c0581256f40b424eafb711deff
  RealmSwift: 3eb8924ff7100df5928c7602f71d0fec51e7c9c5

PODFILE CHECKSUM: 602421d04e802882556ecd20e940a14c56709308

COCOAPODS: 1.9.1
