// !$*UTF8*$!
{
	archiveVersion = 1;
	classes = {
	};
	objectVersion = 51;
	objects = {

/* Begin PBXBuildFile section */
		675FD4E7246D8D1700404ED6 /* MapViewController.swift in Sources */ = {isa = PBXBuildFile; fileRef = 675FD4E6246D8D1700404ED6 /* MapViewController.swift */; };
		677A8BFF246C58D9000F0AE7 /* RatingControll.swift in Sources */ = {isa = PBXBuildFile; fileRef = 677A8BFE246C58D9000F0AE7 /* RatingControll.swift */; };
		6783A9F22466ADEC00057A8E /* StorageManager.swift in Sources */ = {isa = PBXBuildFile; fileRef = 6783A9F12466ADEC00057A8E /* StorageManager.swift */; };
		67AA7FAB2461AB3100F4A8A9 /* PlaceModel.swift in Sources */ = {isa = PBXBuildFile; fileRef = 67AA7FAA2461AB3100F4A8A9 /* PlaceModel.swift */; };
		67AA7FAD2461C5D100F4A8A9 /* NewPlaceViewController.swift in Sources */ = {isa = PBXBuildFile; fileRef = 67AA7FAC2461C5D100F4A8A9 /* NewPlaceViewController.swift */; };
		67B3BDF6246090C500BE5448 /* CustomTableViewCell.swift in Sources */ = {isa = PBXBuildFile; fileRef = 67B3BDF5246090C500BE5448 /* CustomTableViewCell.swift */; };
		67EE441D24605D2300FE2EB3 /* AppDelegate.swift in Sources */ = {isa = PBXBuildFile; fileRef = 67EE441C24605D2300FE2EB3 /* AppDelegate.swift */; };
		67EE441F24605D2300FE2EB3 /* SceneDelegate.swift in Sources */ = {isa = PBXBuildFile; fileRef = 67EE441E24605D2300FE2EB3 /* SceneDelegate.swift */; };
		67EE442424605D2300FE2EB3 /* Main.storyboard in Resources */ = {isa = PBXBuildFile; fileRef = 67EE442224605D2300FE2EB3 /* Main.storyboard */; };
		67EE442624605D2800FE2EB3 /* Assets.xcassets in Resources */ = {isa = PBXBuildFile; fileRef = 67EE442524605D2800FE2EB3 /* Assets.xcassets */; };
		67EE442924605D2800FE2EB3 /* LaunchScreen.storyboard in Resources */ = {isa = PBXBuildFile; fileRef = 67EE442724605D2800FE2EB3 /* LaunchScreen.storyboard */; };
		67EE4431246065D300FE2EB3 /* TableViewController.swift in Sources */ = {isa = PBXBuildFile; fileRef = 67EE4430246065D300FE2EB3 /* TableViewController.swift */; };
		67EE443324607B3400FE2EB3 /* .gitignore in Resources */ = {isa = PBXBuildFile; fileRef = 67EE443224607B3400FE2EB3 /* .gitignore */; };
		E6FF17FDCEF9E42998F14FED /* Pods_MyPlaces.framework in Frameworks */ = {isa = PBXBuildFile; fileRef = BFDAEC917577590719C35DAB /* Pods_MyPlaces.framework */; };
/* End PBXBuildFile section */

/* Begin PBXFileReference section */
		0317D7097AE121D7FFA1D231 /* Pods-MyPlaces.debug.xcconfig */ = {isa = PBXFileReference; includeInIndex = 1; lastKnownFileType = text.xcconfig; name = "Pods-MyPlaces.debug.xcconfig"; path = "Target Support Files/Pods-MyPlaces/Pods-MyPlaces.debug.xcconfig"; sourceTree = "<group>"; };
		62F30C205E0889ED42CC025E /* Pods-MyPlaces.release.xcconfig */ = {isa = PBXFileReference; includeInIndex = 1; lastKnownFileType = text.xcconfig; name = "Pods-MyPlaces.release.xcconfig"; path = "Target Support Files/Pods-MyPlaces/Pods-MyPlaces.release.xcconfig"; sourceTree = "<group>"; };
		675FD4E6246D8D1700404ED6 /* MapViewController.swift */ = {isa = PBXFileReference; lastKnownFileType = sourcecode.swift; path = MapViewController.swift; sourceTree = "<group>"; };
		677A8BFE246C58D9000F0AE7 /* RatingControll.swift */ = {isa = PBXFileReference; lastKnownFileType = sourcecode.swift; path = RatingControll.swift; sourceTree = "<group>"; };
		6783A9F12466ADEC00057A8E /* StorageManager.swift */ = {isa = PBXFileReference; lastKnownFileType = sourcecode.swift; path = StorageManager.swift; sourceTree = "<group>"; };
		67AA7FAA2461AB3100F4A8A9 /* PlaceModel.swift */ = {isa = PBXFileReference; lastKnownFileType = sourcecode.swift; path = PlaceModel.swift; sourceTree = "<group>"; };
		67AA7FAC2461C5D100F4A8A9 /* NewPlaceViewController.swift */ = {isa = PBXFileReference; lastKnownFileType = sourcecode.swift; path = NewPlaceViewController.swift; sourceTree = "<group>"; };
		67B3BDF5246090C500BE5448 /* CustomTableViewCell.swift */ = {isa = PBXFileReference; lastKnownFileType = sourcecode.swift; path = CustomTableViewCell.swift; sourceTree = "<group>"; };
		67EE441924605D2300FE2EB3 /* MyPlaces.app */ = {isa = PBXFileReference; explicitFileType = wrapper.application; includeInIndex = 0; path = MyPlaces.app; sourceTree = BUILT_PRODUCTS_DIR; };
		67EE441C24605D2300FE2EB3 /* AppDelegate.swift */ = {isa = PBXFileReference; lastKnownFileType = sourcecode.swift; path = AppDelegate.swift; sourceTree = "<group>"; };
		67EE441E24605D2300FE2EB3 /* SceneDelegate.swift */ = {isa = PBXFileReference; lastKnownFileType = sourcecode.swift; path = SceneDelegate.swift; sourceTree = "<group>"; };
		67EE442324605D2300FE2EB3 /* Base */ = {isa = PBXFileReference; lastKnownFileType = file.storyboard; name = Base; path = Base.lproj/Main.storyboard; sourceTree = "<group>"; };
		67EE442524605D2800FE2EB3 /* Assets.xcassets */ = {isa = PBXFileReference; lastKnownFileType = folder.assetcatalog; path = Assets.xcassets; sourceTree = "<group>"; };
		67EE442824605D2800FE2EB3 /* Base */ = {isa = PBXFileReference; lastKnownFileType = file.storyboard; name = Base; path = Base.lproj/LaunchScreen.storyboard; sourceTree = "<group>"; };
		67EE442A24605D2800FE2EB3 /* Info.plist */ = {isa = PBXFileReference; lastKnownFileType = text.plist.xml; path = Info.plist; sourceTree = "<group>"; };
		67EE4430246065D300FE2EB3 /* TableViewController.swift */ = {isa = PBXFileReference; lastKnownFileType = sourcecode.swift; path = TableViewController.swift; sourceTree = "<group>"; };
		67EE443224607B3400FE2EB3 /* .gitignore */ = {isa = PBXFileReference; lastKnownFileType = text; path = .gitignore; sourceTree = "<group>"; };
		BFDAEC917577590719C35DAB /* Pods_MyPlaces.framework */ = {isa = PBXFileReference; explicitFileType = wrapper.framework; includeInIndex = 0; path = Pods_MyPlaces.framework; sourceTree = BUILT_PRODUCTS_DIR; };
/* End PBXFileReference section */

/* Begin PBXFrameworksBuildPhase section */
		67EE441624605D2300FE2EB3 /* Frameworks */ = {
			isa = PBXFrameworksBuildPhase;
			buildActionMask = 2147483647;
			files = (
				E6FF17FDCEF9E42998F14FED /* Pods_MyPlaces.framework in Frameworks */,
			);
			runOnlyForDeploymentPostprocessing = 0;
		};
/* End PBXFrameworksBuildPhase section */

/* Begin PBXGroup section */
		37966490669C88387AD92B2A /* Frameworks */ = {
			isa = PBXGroup;
			children = (
				BFDAEC917577590719C35DAB /* Pods_MyPlaces.framework */,
			);
			name = Frameworks;
			sourceTree = "<group>";
		};
		67EE441024605D2300FE2EB3 = {
			isa = PBXGroup;
			children = (
				67EE443224607B3400FE2EB3 /* .gitignore */,
				67EE441B24605D2300FE2EB3 /* MyPlaces */,
				67EE441A24605D2300FE2EB3 /* Products */,
				8A7C60DEDE500D477199A2AB /* Pods */,
				37966490669C88387AD92B2A /* Frameworks */,
			);
			sourceTree = "<group>";
		};
		67EE441A24605D2300FE2EB3 /* Products */ = {
			isa = PBXGroup;
			children = (
				67EE441924605D2300FE2EB3 /* MyPlaces.app */,
			);
			name = Products;
			sourceTree = "<group>";
		};
		67EE441B24605D2300FE2EB3 /* MyPlaces */ = {
			isa = PBXGroup;
			children = (
				67EE441C24605D2300FE2EB3 /* AppDelegate.swift */,
				67EE441E24605D2300FE2EB3 /* SceneDelegate.swift */,
				67EE4430246065D300FE2EB3 /* TableViewController.swift */,
				67AA7FAA2461AB3100F4A8A9 /* PlaceModel.swift */,
				6783A9F12466ADEC00057A8E /* StorageManager.swift */,
				67B3BDF5246090C500BE5448 /* CustomTableViewCell.swift */,
				677A8BFE246C58D9000F0AE7 /* RatingControll.swift */,
				67AA7FAC2461C5D100F4A8A9 /* NewPlaceViewController.swift */,
				675FD4E6246D8D1700404ED6 /* MapViewController.swift */,
				67EE442224605D2300FE2EB3 /* Main.storyboard */,
				67EE442524605D2800FE2EB3 /* Assets.xcassets */,
				67EE442724605D2800FE2EB3 /* LaunchScreen.storyboard */,
				67EE442A24605D2800FE2EB3 /* Info.plist */,
			);
			path = MyPlaces;
			sourceTree = "<group>";
		};
		8A7C60DEDE500D477199A2AB /* Pods */ = {
			isa = PBXGroup;
			children = (
				0317D7097AE121D7FFA1D231 /* Pods-MyPlaces.debug.xcconfig */,
				62F30C205E0889ED42CC025E /* Pods-MyPlaces.release.xcconfig */,
			);
			path = Pods;
			sourceTree = "<group>";
		};
/* End PBXGroup section */

/* Begin PBXNativeTarget section */
		67EE441824605D2300FE2EB3 /* MyPlaces */ = {
			isa = PBXNativeTarget;
			buildConfigurationList = 67EE442D24605D2800FE2EB3 /* Build configuration list for PBXNativeTarget "MyPlaces" */;
			buildPhases = (
				0705A4D5CEED945A5D9981D7 /* [CP] Check Pods Manifest.lock */,
				67EE441524605D2300FE2EB3 /* Sources */,
				67EE441624605D2300FE2EB3 /* Frameworks */,
				67EE441724605D2300FE2EB3 /* Resources */,
				44B34ABF63A71C369A2F106F /* [CP] Embed Pods Frameworks */,
			);
			buildRules = (
			);
			dependencies = (
			);
			name = MyPlaces;
			productName = MyPlaces;
			productReference = 67EE441924605D2300FE2EB3 /* MyPlaces.app */;
			productType = "com.apple.product-type.application";
		};
/* End PBXNativeTarget section */

/* Begin PBXProject section */
		67EE441124605D2300FE2EB3 /* Project object */ = {
			isa = PBXProject;
			attributes = {
				LastSwiftUpdateCheck = 1140;
				LastUpgradeCheck = 1140;
				ORGANIZATIONNAME = "Artem Kharichev";
				TargetAttributes = {
					67EE441824605D2300FE2EB3 = {
						CreatedOnToolsVersion = 11.4.1;
					};
				};
			};
			buildConfigurationList = 67EE441424605D2300FE2EB3 /* Build configuration list for PBXProject "MyPlaces" */;
			compatibilityVersion = "Xcode 9.3";
			developmentRegion = en;
			hasScannedForEncodings = 0;
			knownRegions = (
				en,
				Base,
			);
			mainGroup = 67EE441024605D2300FE2EB3;
			productRefGroup = 67EE441A24605D2300FE2EB3 /* Products */;
			projectDirPath = "";
			projectRoot = "";
			targets = (
				67EE441824605D2300FE2EB3 /* MyPlaces */,
			);
		};
/* End PBXProject section */

/* Begin PBXResourcesBuildPhase section */
		67EE441724605D2300FE2EB3 /* Resources */ = {
			isa = PBXResourcesBuildPhase;
			buildActionMask = 2147483647;
			files = (
				67EE443324607B3400FE2EB3 /* .gitignore in Resources */,
				67EE442924605D2800FE2EB3 /* LaunchScreen.storyboard in Resources */,
				67EE442624605D2800FE2EB3 /* Assets.xcassets in Resources */,
				67EE442424605D2300FE2EB3 /* Main.storyboard in Resources */,
			);
			runOnlyForDeploymentPostprocessing = 0;
		};
/* End PBXResourcesBuildPhase section */

/* Begin PBXShellScriptBuildPhase section */
		0705A4D5CEED945A5D9981D7 /* [CP] Check Pods Manifest.lock */ = {
			isa = PBXShellScriptBuildPhase;
			buildActionMask = 2147483647;
			files = (
			);
			inputFileListPaths = (
			);
			inputPaths = (
				"${PODS_PODFILE_DIR_PATH}/Podfile.lock",
				"${PODS_ROOT}/Manifest.lock",
			);
			name = "[CP] Check Pods Manifest.lock";
			outputFileListPaths = (
			);
			outputPaths = (
				"$(DERIVED_FILE_DIR)/Pods-MyPlaces-checkManifestLockResult.txt",
			);
			runOnlyForDeploymentPostprocessing = 0;
			shellPath = /bin/sh;
			shellScript = "diff \"${PODS_PODFILE_DIR_PATH}/Podfile.lock\" \"${PODS_ROOT}/Manifest.lock\" > /dev/null\nif [ $? != 0 ] ; then\n    # print error to STDERR\n    echo \"error: The sandbox is not in sync with the Podfile.lock. Run 'pod install' or update your CocoaPods installation.\" >&2\n    exit 1\nfi\n# This output is used by Xcode 'outputs' to avoid re-running this script phase.\necho \"SUCCESS\" > \"${SCRIPT_OUTPUT_FILE_0}\"\n";
			showEnvVarsInLog = 0;
		};
		44B34ABF63A71C369A2F106F /* [CP] Embed Pods Frameworks */ = {
			isa = PBXShellScriptBuildPhase;
			buildActionMask = 2147483647;
			files = (
			);
			inputFileListPaths = (
				"${PODS_ROOT}/Target Support Files/Pods-MyPlaces/Pods-MyPlaces-frameworks-${CONFIGURATION}-input-files.xcfilelist",
			);
			name = "[CP] Embed Pods Frameworks";
			outputFileListPaths = (
				"${PODS_ROOT}/Target Support Files/Pods-MyPlaces/Pods-MyPlaces-frameworks-${CONFIGURATION}-output-files.xcfilelist",
			);
			runOnlyForDeploymentPostprocessing = 0;
			shellPath = /bin/sh;
			shellScript = "\"${PODS_ROOT}/Target Support Files/Pods-MyPlaces/Pods-MyPlaces-frameworks.sh\"\n";
			showEnvVarsInLog = 0;
		};
/* End PBXShellScriptBuildPhase section */

/* Begin PBXSourcesBuildPhase section */
		67EE441524605D2300FE2EB3 /* Sources */ = {
			isa = PBXSourcesBuildPhase;
			buildActionMask = 2147483647;
			files = (
				67EE441D24605D2300FE2EB3 /* AppDelegate.swift in Sources */,
				677A8BFF246C58D9000F0AE7 /* RatingControll.swift in Sources */,
				67AA7FAD2461C5D100F4A8A9 /* NewPlaceViewController.swift in Sources */,
				67EE4431246065D300FE2EB3 /* TableViewController.swift in Sources */,
				675FD4E7246D8D1700404ED6 /* MapViewController.swift in Sources */,
				6783A9F22466ADEC00057A8E /* StorageManager.swift in Sources */,
				67AA7FAB2461AB3100F4A8A9 /* PlaceModel.swift in Sources */,
				67B3BDF6246090C500BE5448 /* CustomTableViewCell.swift in Sources */,
				67EE441F24605D2300FE2EB3 /* SceneDelegate.swift in Sources */,
			);
			runOnlyForDeploymentPostprocessing = 0;
		};
/* End PBXSourcesBuildPhase section */

/* Begin PBXVariantGroup section */
		67EE442224605D2300FE2EB3 /* Main.storyboard */ = {
			isa = PBXVariantGroup;
			children = (
				67EE442324605D2300FE2EB3 /* Base */,
			);
			name = Main.storyboard;
			sourceTree = "<group>";
		};
		67EE442724605D2800FE2EB3 /* LaunchScreen.storyboard */ = {
			isa = PBXVariantGroup;
			children = (
				67EE442824605D2800FE2EB3 /* Base */,
			);
			name = LaunchScreen.storyboard;
			sourceTree = "<group>";
		};
/* End PBXVariantGroup section */

/* Begin XCBuildConfiguration section */
		67EE442B24605D2800FE2EB3 /* Debug */ = {
			isa = XCBuildConfiguration;
			buildSettings = {
				ALWAYS_SEARCH_USER_PATHS = NO;
				CLANG_ANALYZER_NONNULL = YES;
				CLANG_ANALYZER_NUMBER_OBJECT_CONVERSION = YES_AGGRESSIVE;
				CLANG_CXX_LANGUAGE_STANDARD = "gnu++14";
				CLANG_CXX_LIBRARY = "libc++";
				CLANG_ENABLE_MODULES = YES;
				CLANG_ENABLE_OBJC_ARC = YES;
				CLANG_ENABLE_OBJC_WEAK = YES;
				CLANG_WARN_BLOCK_CAPTURE_AUTORELEASING = YES;
				CLANG_WARN_BOOL_CONVERSION = YES;
				CLANG_WARN_COMMA = YES;
				CLANG_WARN_CONSTANT_CONVERSION = YES;
				CLANG_WARN_DEPRECATED_OBJC_IMPLEMENTATIONS = YES;
				CLANG_WARN_DIRECT_OBJC_ISA_USAGE = YES_ERROR;
				CLANG_WARN_DOCUMENTATION_COMMENTS = YES;
				CLANG_WARN_EMPTY_BODY = YES;
				CLANG_WARN_ENUM_CONVERSION = YES;
				CLANG_WARN_INFINITE_RECURSION = YES;
				CLANG_WARN_INT_CONVERSION = YES;
				CLANG_WARN_NON_LITERAL_NULL_CONVERSION = YES;
				CLANG_WARN_OBJC_IMPLICIT_RETAIN_SELF = YES;
				CLANG_WARN_OBJC_LITERAL_CONVERSION = YES;
				CLANG_WARN_OBJC_ROOT_CLASS = YES_ERROR;
				CLANG_WARN_RANGE_LOOP_ANALYSIS = YES;
				CLANG_WARN_STRICT_PROTOTYPES = YES;
				CLANG_WARN_SUSPICIOUS_MOVE = YES;
				CLANG_WARN_UNGUARDED_AVAILABILITY = YES_AGGRESSIVE;
				CLANG_WARN_UNREACHABLE_CODE = YES;
				CLANG_WARN__DUPLICATE_METHOD_MATCH = YES;
				COPY_PHASE_STRIP = NO;
				DEBUG_INFORMATION_FORMAT = dwarf;
				ENABLE_STRICT_OBJC_MSGSEND = YES;
				ENABLE_TESTABILITY = YES;
				GCC_C_LANGUAGE_STANDARD = gnu11;
				GCC_DYNAMIC_NO_PIC = NO;
				GCC_NO_COMMON_BLOCKS = YES;
				GCC_OPTIMIZATION_LEVEL = 0;
				GCC_PREPROCESSOR_DEFINITIONS = (
					"DEBUG=1",
					"$(inherited)",
				);
				GCC_WARN_64_TO_32_BIT_CONVERSION = YES;
				GCC_WARN_ABOUT_RETURN_TYPE = YES_ERROR;
				GCC_WARN_UNDECLARED_SELECTOR = YES;
				GCC_WARN_UNINITIALIZED_AUTOS = YES_AGGRESSIVE;
				GCC_WARN_UNUSED_FUNCTION = YES;
				GCC_WARN_UNUSED_VARIABLE = YES;
				IPHONEOS_DEPLOYMENT_TARGET = 13.4;
				MTL_ENABLE_DEBUG_INFO = INCLUDE_SOURCE;
				MTL_FAST_MATH = YES;
				ONLY_ACTIVE_ARCH = YES;
				SDKROOT = iphoneos;
				SWIFT_ACTIVE_COMPILATION_CONDITIONS = DEBUG;
				SWIFT_OPTIMIZATION_LEVEL = "-Onone";
			};
			name = Debug;
		};
		67EE442C24605D2800FE2EB3 /* Release */ = {
			isa = XCBuildConfiguration;
			buildSettings = {
				ALWAYS_SEARCH_USER_PATHS = NO;
				CLANG_ANALYZER_NONNULL = YES;
				CLANG_ANALYZER_NUMBER_OBJECT_CONVERSION = YES_AGGRESSIVE;
				CLANG_CXX_LANGUAGE_STANDARD = "gnu++14";
				CLANG_CXX_LIBRARY = "libc++";
				CLANG_ENABLE_MODULES = YES;
				CLANG_ENABLE_OBJC_ARC = YES;
				CLANG_ENABLE_OBJC_WEAK = YES;
				CLANG_WARN_BLOCK_CAPTURE_AUTORELEASING = YES;
				CLANG_WARN_BOOL_CONVERSION = YES;
				CLANG_WARN_COMMA = YES;
				CLANG_WARN_CONSTANT_CONVERSION = YES;
				CLANG_WARN_DEPRECATED_OBJC_IMPLEMENTATIONS = YES;
				CLANG_WARN_DIRECT_OBJC_ISA_USAGE = YES_ERROR;
				CLANG_WARN_DOCUMENTATION_COMMENTS = YES;
				CLANG_WARN_EMPTY_BODY = YES;
				CLANG_WARN_ENUM_CONVERSION = YES;
				CLANG_WARN_INFINITE_RECURSION = YES;
				CLANG_WARN_INT_CONVERSION = YES;
				CLANG_WARN_NON_LITERAL_NULL_CONVERSION = YES;
				CLANG_WARN_OBJC_IMPLICIT_RETAIN_SELF = YES;
				CLANG_WARN_OBJC_LITERAL_CONVERSION = YES;
				CLANG_WARN_OBJC_ROOT_CLASS = YES_ERROR;
				CLANG_WARN_RANGE_LOOP_ANALYSIS = YES;
				CLANG_WARN_STRICT_PROTOTYPES = YES;
				CLANG_WARN_SUSPICIOUS_MOVE = YES;
				CLANG_WARN_UNGUARDED_AVAILABILITY = YES_AGGRESSIVE;
				CLANG_WARN_UNREACHABLE_CODE = YES;
				CLANG_WARN__DUPLICATE_METHOD_MATCH = YES;
				COPY_PHASE_STRIP = NO;
				DEBUG_INFORMATION_FORMAT = "dwarf-with-dsym";
				ENABLE_NS_ASSERTIONS = NO;
				ENABLE_STRICT_OBJC_MSGSEND = YES;
				GCC_C_LANGUAGE_STANDARD = gnu11;
				GCC_NO_COMMON_BLOCKS = YES;
				GCC_WARN_64_TO_32_BIT_CONVERSION = YES;
				GCC_WARN_ABOUT_RETURN_TYPE = YES_ERROR;
				GCC_WARN_UNDECLARED_SELECTOR = YES;
				GCC_WARN_UNINITIALIZED_AUTOS = YES_AGGRESSIVE;
				GCC_WARN_UNUSED_FUNCTION = YES;
				GCC_WARN_UNUSED_VARIABLE = YES;
				IPHONEOS_DEPLOYMENT_TARGET = 13.4;
				MTL_ENABLE_DEBUG_INFO = NO;
				MTL_FAST_MATH = YES;
				SDKROOT = iphoneos;
				SWIFT_COMPILATION_MODE = wholemodule;
				SWIFT_OPTIMIZATION_LEVEL = "-O";
				VALIDATE_PRODUCT = YES;
			};
			name = Release;
		};
		67EE442E24605D2800FE2EB3 /* Debug */ = {
			isa = XCBuildConfiguration;
			baseConfigurationReference = 0317D7097AE121D7FFA1D231 /* Pods-MyPlaces.debug.xcconfig */;
			buildSettings = {
				ASSETCATALOG_COMPILER_APPICON_NAME = AppIcon;
				CODE_SIGN_STYLE = Automatic;
				DEVELOPMENT_TEAM = T46S69N4HD;
				INFOPLIST_FILE = MyPlaces/Info.plist;
				LD_RUNPATH_SEARCH_PATHS = (
					"$(inherited)",
					"@executable_path/Frameworks",
				);
				PRODUCT_BUNDLE_IDENTIFIER = Art.Kh.MyPlaces;
				PRODUCT_NAME = "$(TARGET_NAME)";
				SWIFT_VERSION = 5.0;
				TARGETED_DEVICE_FAMILY = "1,2";
			};
			name = Debug;
		};
		67EE442F24605D2800FE2EB3 /* Release */ = {
			isa = XCBuildConfiguration;
			baseConfigurationReference = 62F30C205E0889ED42CC025E /* Pods-MyPlaces.release.xcconfig */;
			buildSettings = {
				ASSETCATALOG_COMPILER_APPICON_NAME = AppIcon;
				CODE_SIGN_STYLE = Automatic;
				DEVELOPMENT_TEAM = T46S69N4HD;
				INFOPLIST_FILE = MyPlaces/Info.plist;
				LD_RUNPATH_SEARCH_PATHS = (
					"$(inherited)",
					"@executable_path/Frameworks",
				);
				PRODUCT_BUNDLE_IDENTIFIER = Art.Kh.MyPlaces;
				PRODUCT_NAME = "$(TARGET_NAME)";
				SWIFT_VERSION = 5.0;
				TARGETED_DEVICE_FAMILY = "1,2";
			};
			name = Release;
		};
/* End XCBuildConfiguration section */

/* Begin XCConfigurationList section */
		67EE441424605D2300FE2EB3 /* Build configuration list for PBXProject "MyPlaces" */ = {
			isa = XCConfigurationList;
			buildConfigurations = (
				67EE442B24605D2800FE2EB3 /* Debug */,
				67EE442C24605D2800FE2EB3 /* Release */,
			);
			defaultConfigurationIsVisible = 0;
			defaultConfigurationName = Release;
		};
		67EE442D24605D2800FE2EB3 /* Build configuration list for PBXNativeTarget "MyPlaces" */ = {
			isa = XCConfigurationList;
			buildConfigurations = (
				67EE442E24605D2800FE2EB3 /* Debug */,
				67EE442F24605D2800FE2EB3 /* Release */,
			);
			defaultConfigurationIsVisible = 0;
			defaultConfigurationName = Release;
		};
/* End XCConfigurationList section */
	};
	rootObject = 67EE441124605D2300FE2EB3 /* Project object */;
}
